
Microsoft Visual Studio Solution File, Format Version 12.00
# Visual Studio 15
VisualStudioVersion = 15.0.27130.2027
MinimumVisualStudioVersion = 10.0.40219.1
Project("{FAE04EC0-301F-11D3-BF4B-00C04F79EFBC}") = "HobbyShop", "HobbyShop\HobbyShop.csproj", "{3E34B9ED-8A99-4E0F-9642-698DCFAA9834}"
EndProject
Global
	GlobalSection(SolutionConfigurationPlatforms) = preSolution
		Debug|Any CPU = Debug|Any CPU
		Release|Any CPU = Release|Any CPU
	EndGlobalSection
	GlobalSection(ProjectConfigurationPlatforms) = postSolution
		{3E34B9ED-8A99-4E0F-9642-698DCFAA9834}.Debug|Any CPU.ActiveCfg = Debug|Any CPU
		{3E34B9ED-8A99-4E0F-9642-698DCFAA9834}.Debug|Any CPU.Build.0 = Debug|Any CPU
		{3E34B9ED-8A99-4E0F-9642-698DCFAA9834}.Release|Any CPU.ActiveCfg = Release|Any CPU
		{3E34B9ED-8A99-4E0F-9642-698DCFAA9834}.Release|Any CPU.Build.0 = Release|Any CPU
	EndGlobalSection
	GlobalSection(SolutionProperties) = preSolution
		HideSolutionNode = FALSE
	EndGlobalSection
	GlobalSection(ExtensibilityGlobals) = postSolution
		SolutionGuid = {A7C20C64-BB37-42D8-B4DA-BAB0E2CCC76A}
	EndGlobalSection
EndGlobal
