
Microsoft Visual Studio Solution File, Format Version 12.00
# Visual Studio 15
VisualStudioVersion = 15.0.27130.2027
MinimumVisualStudioVersion = 10.0.40219.1
Project("{FAE04EC0-301F-11D3-BF4B-00C04F79EFBC}") = "HobbyShop", "HobbyShop\HobbyShop.csproj", "{D8DE913C-DD7E-4B39-8C8E-F854EAB32452}"
EndProject
Global
	GlobalSection(SolutionConfigurationPlatforms) = preSolution
		Debug|Any CPU = Debug|Any CPU
		Release|Any CPU = Release|Any CPU
	EndGlobalSection
	GlobalSection(ProjectConfigurationPlatforms) = postSolution
		{D8DE913C-DD7E-4B39-8C8E-F854EAB32452}.Debug|Any CPU.ActiveCfg = Debug|Any CPU
		{D8DE913C-DD7E-4B39-8C8E-F854EAB32452}.Debug|Any CPU.Build.0 = Debug|Any CPU
		{D8DE913C-DD7E-4B39-8C8E-F854EAB32452}.Release|Any CPU.ActiveCfg = Release|Any CPU
		{D8DE913C-DD7E-4B39-8C8E-F854EAB32452}.Release|Any CPU.Build.0 = Release|Any CPU
	EndGlobalSection
	GlobalSection(SolutionProperties) = preSolution
		HideSolutionNode = FALSE
	EndGlobalSection
	GlobalSection(ExtensibilityGlobals) = postSolution
		SolutionGuid = {64011B4E-CB86-42F2-81D9-69581A2EA96D}
	EndGlobalSection
EndGlobal
